
Microsoft Visual Studio Solution File, Format Version 12.00
# Visual Studio 14
VisualStudioVersion = 14.0.25123.0
MinimumVisualStudioVersion = 10.0.40219.1
Project("{FAE04EC0-301F-11D3-BF4B-00C04F79EFBC}") = "SilverlightClient", "SilverlightClient\SilverlightClient.csproj", "{CDCA42D3-FCD5-4D89-9D22-8F38816BC0FE}"
	ProjectSection(ProjectDependencies) = postProject
		{DDE7BC6B-69FD-4C18-8367-9E9297880A20} = {DDE7BC6B-69FD-4C18-8367-9E9297880A20}
	EndProjectSection
EndProject
Project("{FAE04EC0-301F-11D3-BF4B-00C04F79EFBC}") = "ClientServer.Common", "ClientServer.Common\ClientServer.Common.csproj", "{EF019832-6E62-4C99-944D-9DF717985172}"
EndProject
Project("{FAE04EC0-301F-11D3-BF4B-00C04F79EFBC}") = "Server", "ClientServer\Server.csproj", "{DDE7BC6B-69FD-4C18-8367-9E9297880A20}"
EndProject
Global
	GlobalSection(SolutionConfigurationPlatforms) = preSolution
		Debug|Any CPU = Debug|Any CPU
		Release|Any CPU = Release|Any CPU
	EndGlobalSection
	GlobalSection(ProjectConfigurationPlatforms) = postSolution
		{CDCA42D3-FCD5-4D89-9D22-8F38816BC0FE}.Debug|Any CPU.ActiveCfg = Debug|Any CPU
		{CDCA42D3-FCD5-4D89-9D22-8F38816BC0FE}.Debug|Any CPU.Build.0 = Debug|Any CPU
		{CDCA42D3-FCD5-4D89-9D22-8F38816BC0FE}.Release|Any CPU.ActiveCfg = Release|Any CPU
		{CDCA42D3-FCD5-4D89-9D22-8F38816BC0FE}.Release|Any CPU.Build.0 = Release|Any CPU
		{EF019832-6E62-4C99-944D-9DF717985172}.Debug|Any CPU.ActiveCfg = Debug|Any CPU
		{EF019832-6E62-4C99-944D-9DF717985172}.Debug|Any CPU.Build.0 = Debug|Any CPU
		{EF019832-6E62-4C99-944D-9DF717985172}.Release|Any CPU.ActiveCfg = Release|Any CPU
		{EF019832-6E62-4C99-944D-9DF717985172}.Release|Any CPU.Build.0 = Release|Any CPU
		{DDE7BC6B-69FD-4C18-8367-9E9297880A20}.Debug|Any CPU.ActiveCfg = Debug|Any CPU
		{DDE7BC6B-69FD-4C18-8367-9E9297880A20}.Debug|Any CPU.Build.0 = Debug|Any CPU
		{DDE7BC6B-69FD-4C18-8367-9E9297880A20}.Release|Any CPU.ActiveCfg = Release|Any CPU
		{DDE7BC6B-69FD-4C18-8367-9E9297880A20}.Release|Any CPU.Build.0 = Release|Any CPU
	EndGlobalSection
	GlobalSection(SolutionProperties) = preSolution
		HideSolutionNode = FALSE
	EndGlobalSection
EndGlobal
